
Microsoft Visual Studio Solution File, Format Version 12.00
# Visual Studio 15
VisualStudioVersion = 15.0.28307.329
MinimumVisualStudioVersion = 10.0.40219.1
Project("{FAE04EC0-301F-11D3-BF4B-00C04F79EFBC}") = "Pathfinding", "Pathfinding\Pathfinding.csproj", "{293274B2-269D-4780-BF48-3ABCD37A1B00}"
EndProject
Global
	GlobalSection(SolutionConfigurationPlatforms) = preSolution
		Debug|Any CPU = Debug|Any CPU
		Release|Any CPU = Release|Any CPU
	EndGlobalSection
	GlobalSection(ProjectConfigurationPlatforms) = postSolution
		{293274B2-269D-4780-BF48-3ABCD37A1B00}.Debug|Any CPU.ActiveCfg = Debug|Any CPU
		{293274B2-269D-4780-BF48-3ABCD37A1B00}.Debug|Any CPU.Build.0 = Debug|Any CPU
		{293274B2-269D-4780-BF48-3ABCD37A1B00}.Release|Any CPU.ActiveCfg = Release|Any CPU
		{293274B2-269D-4780-BF48-3ABCD37A1B00}.Release|Any CPU.Build.0 = Release|Any CPU
	EndGlobalSection
	GlobalSection(SolutionProperties) = preSolution
		HideSolutionNode = FALSE
	EndGlobalSection
	GlobalSection(ExtensibilityGlobals) = postSolution
		SolutionGuid = {795A0227-A2B6-4DA1-A1A8-0488A5E79614}
	EndGlobalSection
EndGlobal
